
Microsoft Visual Studio Solution File, Format Version 12.00
# Visual Studio Version 17
VisualStudioVersion = 17.3.32819.101
MinimumVisualStudioVersion = 10.0.40219.1
Project("{FAE04EC0-301F-11D3-BF4B-00C04F79EFBC}") = "Visor de Imagenes2", "Visor de Imagenes2\Visor de Imagenes2.csproj", "{30C66F5F-E8C6-4E79-846D-58F067876098}"
EndProject
Global
	GlobalSection(SolutionConfigurationPlatforms) = preSolution
		Debug|Any CPU = Debug|Any CPU
		Release|Any CPU = Release|Any CPU
	EndGlobalSection
	GlobalSection(ProjectConfigurationPlatforms) = postSolution
		{30C66F5F-E8C6-4E79-846D-58F067876098}.Debug|Any CPU.ActiveCfg = Debug|Any CPU
		{30C66F5F-E8C6-4E79-846D-58F067876098}.Debug|Any CPU.Build.0 = Debug|Any CPU
		{30C66F5F-E8C6-4E79-846D-58F067876098}.Release|Any CPU.ActiveCfg = Release|Any CPU
		{30C66F5F-E8C6-4E79-846D-58F067876098}.Release|Any CPU.Build.0 = Release|Any CPU
	EndGlobalSection
	GlobalSection(SolutionProperties) = preSolution
		HideSolutionNode = FALSE
	EndGlobalSection
	GlobalSection(ExtensibilityGlobals) = postSolution
		SolutionGuid = {A266BBEC-C4B9-433D-BF21-62191DFB2AE5}
	EndGlobalSection
EndGlobal
